
Microsoft Visual Studio Solution File, Format Version 12.00
# Visual Studio 15
VisualStudioVersion = 15.0.28307.421
MinimumVisualStudioVersion = 10.0.40219.1
Project("{FAE04EC0-301F-11D3-BF4B-00C04F79EFBC}") = "SOCKS-5-Proxy-Chain", "SOCKS-5-Proxy-Chain\SOCKS-5-Proxy-Chain.csproj", "{D138A3F6-F053-41B9-B6ED-31F69AAEF1CD}"
EndProject
Global
	GlobalSection(SolutionConfigurationPlatforms) = preSolution
		Debug|Any CPU = Debug|Any CPU
		Release|Any CPU = Release|Any CPU
	EndGlobalSection
	GlobalSection(ProjectConfigurationPlatforms) = postSolution
		{D138A3F6-F053-41B9-B6ED-31F69AAEF1CD}.Debug|Any CPU.ActiveCfg = Debug|Any CPU
		{D138A3F6-F053-41B9-B6ED-31F69AAEF1CD}.Debug|Any CPU.Build.0 = Debug|Any CPU
		{D138A3F6-F053-41B9-B6ED-31F69AAEF1CD}.Release|Any CPU.ActiveCfg = Release|Any CPU
		{D138A3F6-F053-41B9-B6ED-31F69AAEF1CD}.Release|Any CPU.Build.0 = Release|Any CPU
	EndGlobalSection
	GlobalSection(SolutionProperties) = preSolution
		HideSolutionNode = FALSE
	EndGlobalSection
	GlobalSection(ExtensibilityGlobals) = postSolution
		SolutionGuid = {7530EF8F-94FD-437B-A358-BA09FE7B91AA}
	EndGlobalSection
EndGlobal
